<Solution>
  <Project Path="../LawOffice.Domain/LawOffice.Domain.csproj" />
  <Project Path="OfficeManagement.Api/OfficeManagement.Api.csproj" />
  <Project Path="OfficeManagement.Application/OfficeManagement.Application.csproj" Id="19cc0575-cef0-4fbc-8cbc-02f58ce26677" />
  <Project Path="OfficeManagement.Domain/OfficeManagement.Domain.csproj" Id="39374205-8de5-4e98-8409-8de911eb58ad" />
  <Project Path="OfficeManagement.Infrastructure/OfficeManagement.Infrastructure.csproj" Id="3e18407a-3739-4887-9946-2aa32073d086" />
</Solution>
